NeoBundleLock accelerated-jk 156c5158b72059404f6b8aaf15b59f87dd0aaa88
NeoBundleLock badwolf 14fd1e142fdd39d21c7818504497a6eeca82f724
NeoBundleLock indentLine 02b31cd3af7567664199fcd8d31934fcc6b4346a
NeoBundleLock molokai c67bdfcdb31415aa0ade7f8c003261700a885476
NeoBundleLock neobundle.vim 26d03781886ed887e390d4ad8b935987754b1c2c
NeoBundleLock nerdtree cc60495fe06cd064bd8b613d37ad65386bd39a7a
NeoBundleLock nerdtree-git-plugin 6a9b3122cb89b3a45ec444f9787a895125aca8aa
NeoBundleLock onedark.vim 8ef6341bab8d542a3f6651e40867a3c660370d8c
NeoBundleLock sonictemplate-vim c72fd6f85f6b75e6b5f3d013f5a09703a09cdead
NeoBundleLock tcomment_vim ed93a63ff3a7f9e25d7974992e3c590fc80637e5
NeoBundleLock vim-airline 33310c5b24f1cb28c255141ca8d4cd00b9ccc18d
NeoBundleLock vim-hybrid cc58baabeabc7b83768e25b852bf89c34756bf90
NeoBundleLock vim-nerdtree-tabs 47bbe5afc26f701f08d31b2bbdb660f117367ded
NeoBundleLock vimproc.vim 2300224d366642f4f8d6f88861535d4ccbe20143
NeoBundleLock winresizer 530e5b42ca27be4afecfca51a71efc5bd4315954
