NeoBundleLock badwolf 14fd1e142fdd39d21c7818504497a6eeca82f724
NeoBundleLock molokai c67bdfcdb31415aa0ade7f8c003261700a885476
NeoBundleLock neobundle.vim 26d03781886ed887e390d4ad8b935987754b1c2c
NeoBundleLock nerdtree e47e588705bd7d205a3b5a60ac7090c9a2504ba2
NeoBundleLock sonictemplate-vim 4005ee94f1e7123864ace071042cdc3a6fb0829f
NeoBundleLock tcomment_vim c66a6dab214e3944259acef423b924c994a853b9
NeoBundleLock vim-quickrun 8d864e7feb7ac9dded84808f76fcb3fcd3ed8ae3
NeoBundleLock vimproc.vim 2300224d366642f4f8d6f88861535d4ccbe20143
NeoBundleLock winresizer 530e5b42ca27be4afecfca51a71efc5bd4315954
